
Microsoft Visual Studio Solution File, Format Version 12.00
# Visual Studio Version 17
VisualStudioVersion = 17.0.31903.59
MinimumVisualStudioVersion = 10.0.40219.1
Project("{9A19103F-16F7-4668-BE54-9A1E7A4F7556}") = "mininal-api", "Api\mininal-api.csproj", "{7F60BE71-A20E-40FF-A2E0-54DEC535C76F}"
EndProject
Project("{9A19103F-16F7-4668-BE54-9A1E7A4F7556}") = "Test", "Test\Test.csproj", "{F8307351-5D8D-4214-BA00-C138E2D6BDBD}"
EndProject
Global
	GlobalSection(SolutionConfigurationPlatforms) = preSolution
		Debug|Any CPU = Debug|Any CPU
		Release|Any CPU = Release|Any CPU
	EndGlobalSection
	GlobalSection(ProjectConfigurationPlatforms) = postSolution
		{7F60BE71-A20E-40FF-A2E0-54DEC535C76F}.Debug|Any CPU.ActiveCfg = Debug|Any CPU
		{7F60BE71-A20E-40FF-A2E0-54DEC535C76F}.Debug|Any CPU.Build.0 = Debug|Any CPU
		{7F60BE71-A20E-40FF-A2E0-54DEC535C76F}.Release|Any CPU.ActiveCfg = Release|Any CPU
		{7F60BE71-A20E-40FF-A2E0-54DEC535C76F}.Release|Any CPU.Build.0 = Release|Any CPU
		{F8307351-5D8D-4214-BA00-C138E2D6BDBD}.Debug|Any CPU.ActiveCfg = Debug|Any CPU
		{F8307351-5D8D-4214-BA00-C138E2D6BDBD}.Debug|Any CPU.Build.0 = Debug|Any CPU
		{F8307351-5D8D-4214-BA00-C138E2D6BDBD}.Release|Any CPU.ActiveCfg = Release|Any CPU
		{F8307351-5D8D-4214-BA00-C138E2D6BDBD}.Release|Any CPU.Build.0 = Release|Any CPU
	EndGlobalSection
	GlobalSection(SolutionProperties) = preSolution
		HideSolutionNode = FALSE
	EndGlobalSection
EndGlobal
